
Microsoft Visual Studio Solution File, Format Version 12.00
# Visual Studio 15
VisualStudioVersion = 15.0.26124.0
MinimumVisualStudioVersion = 15.0.26124.0
Project("{FAE04EC0-301F-11D3-BF4B-00C04F79EFBC}") = "Xebia.Vouchers.API", "Xebia.Vouchers.API\Xebia.Vouchers.API.csproj", "{57D51423-D020-4187-A955-03603954AF1E}"
EndProject
Project("{FAE04EC0-301F-11D3-BF4B-00C04F79EFBC}") = "Xebia.Vouchers", "Xebia.Vouchers\Xebia.Vouchers.csproj", "{861C5AEC-0157-4D38-8C7E-3F0882B7FA5B}"
EndProject
Project("{FAE04EC0-301F-11D3-BF4B-00C04F79EFBC}") = "Xebia.Vouchers.Tests.Unit", "Xebia.Vouchers.Tests.Unit\Xebia.Vouchers.Tests.Unit.csproj", "{C51E4F84-42F6-41CF-B53B-7FB1E8DFAA50}"
EndProject
Project("{FAE04EC0-301F-11D3-BF4B-00C04F79EFBC}") = "Xebia.Vouchers.Tests.Acceptance", "Xebia.Vouchers.Tests.Acceptance\Xebia.Vouchers.Tests.Acceptance.csproj", "{71844269-358C-4F73-AF12-893D09515D02}"
EndProject
Global
	GlobalSection(SolutionConfigurationPlatforms) = preSolution
		Debug|Any CPU = Debug|Any CPU
		Debug|x64 = Debug|x64
		Debug|x86 = Debug|x86
		Release|Any CPU = Release|Any CPU
		Release|x64 = Release|x64
		Release|x86 = Release|x86
	EndGlobalSection
	GlobalSection(SolutionProperties) = preSolution
		HideSolutionNode = FALSE
	EndGlobalSection
	GlobalSection(ProjectConfigurationPlatforms) = postSolution
		{57D51423-D020-4187-A955-03603954AF1E}.Debug|Any CPU.ActiveCfg = Debug|Any CPU
		{57D51423-D020-4187-A955-03603954AF1E}.Debug|Any CPU.Build.0 = Debug|Any CPU
		{57D51423-D020-4187-A955-03603954AF1E}.Debug|x64.ActiveCfg = Debug|Any CPU
		{57D51423-D020-4187-A955-03603954AF1E}.Debug|x64.Build.0 = Debug|Any CPU
		{57D51423-D020-4187-A955-03603954AF1E}.Debug|x86.ActiveCfg = Debug|Any CPU
		{57D51423-D020-4187-A955-03603954AF1E}.Debug|x86.Build.0 = Debug|Any CPU
		{57D51423-D020-4187-A955-03603954AF1E}.Release|Any CPU.ActiveCfg = Release|Any CPU
		{57D51423-D020-4187-A955-03603954AF1E}.Release|Any CPU.Build.0 = Release|Any CPU
		{57D51423-D020-4187-A955-03603954AF1E}.Release|x64.ActiveCfg = Release|Any CPU
		{57D51423-D020-4187-A955-03603954AF1E}.Release|x64.Build.0 = Release|Any CPU
		{57D51423-D020-4187-A955-03603954AF1E}.Release|x86.ActiveCfg = Release|Any CPU
		{57D51423-D020-4187-A955-03603954AF1E}.Release|x86.Build.0 = Release|Any CPU
		{861C5AEC-0157-4D38-8C7E-3F0882B7FA5B}.Debug|Any CPU.ActiveCfg = Debug|Any CPU
		{861C5AEC-0157-4D38-8C7E-3F0882B7FA5B}.Debug|Any CPU.Build.0 = Debug|Any CPU
		{861C5AEC-0157-4D38-8C7E-3F0882B7FA5B}.Debug|x64.ActiveCfg = Debug|Any CPU
		{861C5AEC-0157-4D38-8C7E-3F0882B7FA5B}.Debug|x64.Build.0 = Debug|Any CPU
		{861C5AEC-0157-4D38-8C7E-3F0882B7FA5B}.Debug|x86.ActiveCfg = Debug|Any CPU
		{861C5AEC-0157-4D38-8C7E-3F0882B7FA5B}.Debug|x86.Build.0 = Debug|Any CPU
		{861C5AEC-0157-4D38-8C7E-3F0882B7FA5B}.Release|Any CPU.ActiveCfg = Release|Any CPU
		{861C5AEC-0157-4D38-8C7E-3F0882B7FA5B}.Release|Any CPU.Build.0 = Release|Any CPU
		{861C5AEC-0157-4D38-8C7E-3F0882B7FA5B}.Release|x64.ActiveCfg = Release|Any CPU
		{861C5AEC-0157-4D38-8C7E-3F0882B7FA5B}.Release|x64.Build.0 = Release|Any CPU
		{861C5AEC-0157-4D38-8C7E-3F0882B7FA5B}.Release|x86.ActiveCfg = Release|Any CPU
		{861C5AEC-0157-4D38-8C7E-3F0882B7FA5B}.Release|x86.Build.0 = Release|Any CPU
		{C51E4F84-42F6-41CF-B53B-7FB1E8DFAA50}.Debug|Any CPU.ActiveCfg = Debug|Any CPU
		{C51E4F84-42F6-41CF-B53B-7FB1E8DFAA50}.Debug|Any CPU.Build.0 = Debug|Any CPU
		{C51E4F84-42F6-41CF-B53B-7FB1E8DFAA50}.Debug|x64.ActiveCfg = Debug|Any CPU
		{C51E4F84-42F6-41CF-B53B-7FB1E8DFAA50}.Debug|x64.Build.0 = Debug|Any CPU
		{C51E4F84-42F6-41CF-B53B-7FB1E8DFAA50}.Debug|x86.ActiveCfg = Debug|Any CPU
		{C51E4F84-42F6-41CF-B53B-7FB1E8DFAA50}.Debug|x86.Build.0 = Debug|Any CPU
		{C51E4F84-42F6-41CF-B53B-7FB1E8DFAA50}.Release|Any CPU.ActiveCfg = Release|Any CPU
		{C51E4F84-42F6-41CF-B53B-7FB1E8DFAA50}.Release|Any CPU.Build.0 = Release|Any CPU
		{C51E4F84-42F6-41CF-B53B-7FB1E8DFAA50}.Release|x64.ActiveCfg = Release|Any CPU
		{C51E4F84-42F6-41CF-B53B-7FB1E8DFAA50}.Release|x64.Build.0 = Release|Any CPU
		{C51E4F84-42F6-41CF-B53B-7FB1E8DFAA50}.Release|x86.ActiveCfg = Release|Any CPU
		{C51E4F84-42F6-41CF-B53B-7FB1E8DFAA50}.Release|x86.Build.0 = Release|Any CPU
		{71844269-358C-4F73-AF12-893D09515D02}.Debug|Any CPU.ActiveCfg = Debug|Any CPU
		{71844269-358C-4F73-AF12-893D09515D02}.Debug|Any CPU.Build.0 = Debug|Any CPU
		{71844269-358C-4F73-AF12-893D09515D02}.Debug|x64.ActiveCfg = Debug|Any CPU
		{71844269-358C-4F73-AF12-893D09515D02}.Debug|x64.Build.0 = Debug|Any CPU
		{71844269-358C-4F73-AF12-893D09515D02}.Debug|x86.ActiveCfg = Debug|Any CPU
		{71844269-358C-4F73-AF12-893D09515D02}.Debug|x86.Build.0 = Debug|Any CPU
		{71844269-358C-4F73-AF12-893D09515D02}.Release|Any CPU.ActiveCfg = Release|Any CPU
		{71844269-358C-4F73-AF12-893D09515D02}.Release|Any CPU.Build.0 = Release|Any CPU
		{71844269-358C-4F73-AF12-893D09515D02}.Release|x64.ActiveCfg = Release|Any CPU
		{71844269-358C-4F73-AF12-893D09515D02}.Release|x64.Build.0 = Release|Any CPU
		{71844269-358C-4F73-AF12-893D09515D02}.Release|x86.ActiveCfg = Release|Any CPU
		{71844269-358C-4F73-AF12-893D09515D02}.Release|x86.Build.0 = Release|Any CPU
	EndGlobalSection
EndGlobal
